
Microsoft Visual Studio Solution File, Format Version 12.00
Project("{2150E333-8FDC-42A3-9474-1A3956D46DE8}") = "Solution Items", "Solution Items", "{F25E7A6F-F689-498A-A689-C8BA79ADC58A}"
	ProjectSection(SolutionItems) = preProject
		LICENSE = LICENSE
		README.md = README.md
		UltimateUtils.sln.DotSettings = UltimateUtils.sln.DotSettings
		.gitignore = .gitignore
		.editorconfig = .editorconfig
	EndProjectSection
EndProject
Project("{FAE04EC0-301F-11D3-BF4B-00C04F79EFBC}") = "UltimateUtils", "UltimateUtils\UltimateUtils\UltimateUtils.csproj", "{DAAD4F27-AC6F-4A17-8308-91F778EF7C9C}"
EndProject
Project("{FAE04EC0-301F-11D3-BF4B-00C04F79EFBC}") = "UltimateUtils.EF", "UltimateUtils\UltimateUtils.EF\UltimateUtils.EF.csproj", "{68EB2010-9D51-4144-9389-464FAD37E6D8}"
EndProject
Project("{FAE04EC0-301F-11D3-BF4B-00C04F79EFBC}") = "HelloUltimateUtils", "HelloUltimateUtils\HelloUltimateUtils.csproj", "{C1247916-0AFF-42A5-8D07-753528DB4700}"
EndProject
Project("{FAE04EC0-301F-11D3-BF4B-00C04F79EFBC}") = "UltimateUtils.Abstraction", "UltimateUtils\UltimateUtils.Abstraction\UltimateUtils.Abstraction.csproj", "{C836410D-21FE-42CC-BF8F-EB9BB7BFEA28}"
EndProject
Project("{2150E333-8FDC-42A3-9474-1A3956D46DE8}") = "UltimateUtils", "UltimateUtils", "{5274BF5E-3F53-4AC3-81E7-01B0F924F1FE}"
EndProject
Project("{2150E333-8FDC-42A3-9474-1A3956D46DE8}") = "UltimatePagination", "UltimatePagination", "{A21C5367-3CE4-407B-91DB-B6EB85DF1198}"
EndProject
Project("{FAE04EC0-301F-11D3-BF4B-00C04F79EFBC}") = "UltimatePagination", "UltimatePagination\UltimatePagination\UltimatePagination.csproj", "{4A91E603-41F0-4B2A-8C6B-2A40550A2F55}"
EndProject
Project("{FAE04EC0-301F-11D3-BF4B-00C04F79EFBC}") = "UltimatePagination.EF", "UltimatePagination\UltimatePagination.EF\UltimatePagination.EF.csproj", "{C73C4E5A-5053-4AD3-ACC3-A355A059CF0A}"
EndProject
Project("{FAE04EC0-301F-11D3-BF4B-00C04F79EFBC}") = "UltimatePagination.Abstraction", "UltimatePagination\UltimatePagination.Abstraction\UltimatePagination.Abstraction.csproj", "{CB45918B-CCED-41E8-B74E-D332B1FC65EF}"
EndProject
Project("{2150E333-8FDC-42A3-9474-1A3956D46DE8}") = "UltimateFlag", "UltimateFlag", "{42CFB4E1-51C8-47AF-BCBF-653BC83D6975}"
EndProject
Project("{FAE04EC0-301F-11D3-BF4B-00C04F79EFBC}") = "UltimateFlag", "UltimateFlag\UltimateFlag\UltimateFlag.csproj", "{0A21D560-BB8A-4BB7-9886-8660079D6F00}"
EndProject
Global
	GlobalSection(SolutionConfigurationPlatforms) = preSolution
		Debug|Any CPU = Debug|Any CPU
		Release|Any CPU = Release|Any CPU
	EndGlobalSection
	GlobalSection(ProjectConfigurationPlatforms) = postSolution
		{DAAD4F27-AC6F-4A17-8308-91F778EF7C9C}.Debug|Any CPU.ActiveCfg = Debug|Any CPU
		{DAAD4F27-AC6F-4A17-8308-91F778EF7C9C}.Debug|Any CPU.Build.0 = Debug|Any CPU
		{DAAD4F27-AC6F-4A17-8308-91F778EF7C9C}.Release|Any CPU.ActiveCfg = Release|Any CPU
		{DAAD4F27-AC6F-4A17-8308-91F778EF7C9C}.Release|Any CPU.Build.0 = Release|Any CPU
		{68EB2010-9D51-4144-9389-464FAD37E6D8}.Debug|Any CPU.ActiveCfg = Debug|Any CPU
		{68EB2010-9D51-4144-9389-464FAD37E6D8}.Debug|Any CPU.Build.0 = Debug|Any CPU
		{68EB2010-9D51-4144-9389-464FAD37E6D8}.Release|Any CPU.ActiveCfg = Release|Any CPU
		{68EB2010-9D51-4144-9389-464FAD37E6D8}.Release|Any CPU.Build.0 = Release|Any CPU
		{C1247916-0AFF-42A5-8D07-753528DB4700}.Debug|Any CPU.ActiveCfg = Debug|Any CPU
		{C1247916-0AFF-42A5-8D07-753528DB4700}.Debug|Any CPU.Build.0 = Debug|Any CPU
		{C1247916-0AFF-42A5-8D07-753528DB4700}.Release|Any CPU.ActiveCfg = Release|Any CPU
		{C1247916-0AFF-42A5-8D07-753528DB4700}.Release|Any CPU.Build.0 = Release|Any CPU
		{C836410D-21FE-42CC-BF8F-EB9BB7BFEA28}.Debug|Any CPU.ActiveCfg = Debug|Any CPU
		{C836410D-21FE-42CC-BF8F-EB9BB7BFEA28}.Debug|Any CPU.Build.0 = Debug|Any CPU
		{C836410D-21FE-42CC-BF8F-EB9BB7BFEA28}.Release|Any CPU.ActiveCfg = Release|Any CPU
		{C836410D-21FE-42CC-BF8F-EB9BB7BFEA28}.Release|Any CPU.Build.0 = Release|Any CPU
		{4A91E603-41F0-4B2A-8C6B-2A40550A2F55}.Debug|Any CPU.ActiveCfg = Debug|Any CPU
		{4A91E603-41F0-4B2A-8C6B-2A40550A2F55}.Debug|Any CPU.Build.0 = Debug|Any CPU
		{4A91E603-41F0-4B2A-8C6B-2A40550A2F55}.Release|Any CPU.ActiveCfg = Release|Any CPU
		{4A91E603-41F0-4B2A-8C6B-2A40550A2F55}.Release|Any CPU.Build.0 = Release|Any CPU
		{C73C4E5A-5053-4AD3-ACC3-A355A059CF0A}.Debug|Any CPU.ActiveCfg = Debug|Any CPU
		{C73C4E5A-5053-4AD3-ACC3-A355A059CF0A}.Debug|Any CPU.Build.0 = Debug|Any CPU
		{C73C4E5A-5053-4AD3-ACC3-A355A059CF0A}.Release|Any CPU.ActiveCfg = Release|Any CPU
		{C73C4E5A-5053-4AD3-ACC3-A355A059CF0A}.Release|Any CPU.Build.0 = Release|Any CPU
		{CB45918B-CCED-41E8-B74E-D332B1FC65EF}.Debug|Any CPU.ActiveCfg = Debug|Any CPU
		{CB45918B-CCED-41E8-B74E-D332B1FC65EF}.Debug|Any CPU.Build.0 = Debug|Any CPU
		{CB45918B-CCED-41E8-B74E-D332B1FC65EF}.Release|Any CPU.ActiveCfg = Release|Any CPU
		{CB45918B-CCED-41E8-B74E-D332B1FC65EF}.Release|Any CPU.Build.0 = Release|Any CPU
		{0A21D560-BB8A-4BB7-9886-8660079D6F00}.Debug|Any CPU.ActiveCfg = Debug|Any CPU
		{0A21D560-BB8A-4BB7-9886-8660079D6F00}.Debug|Any CPU.Build.0 = Debug|Any CPU
		{0A21D560-BB8A-4BB7-9886-8660079D6F00}.Release|Any CPU.ActiveCfg = Release|Any CPU
		{0A21D560-BB8A-4BB7-9886-8660079D6F00}.Release|Any CPU.Build.0 = Release|Any CPU
	EndGlobalSection
	GlobalSection(NestedProjects) = preSolution
		{C836410D-21FE-42CC-BF8F-EB9BB7BFEA28} = {5274BF5E-3F53-4AC3-81E7-01B0F924F1FE}
		{DAAD4F27-AC6F-4A17-8308-91F778EF7C9C} = {5274BF5E-3F53-4AC3-81E7-01B0F924F1FE}
		{68EB2010-9D51-4144-9389-464FAD37E6D8} = {5274BF5E-3F53-4AC3-81E7-01B0F924F1FE}
		{4A91E603-41F0-4B2A-8C6B-2A40550A2F55} = {A21C5367-3CE4-407B-91DB-B6EB85DF1198}
		{C73C4E5A-5053-4AD3-ACC3-A355A059CF0A} = {A21C5367-3CE4-407B-91DB-B6EB85DF1198}
		{CB45918B-CCED-41E8-B74E-D332B1FC65EF} = {A21C5367-3CE4-407B-91DB-B6EB85DF1198}
		{0A21D560-BB8A-4BB7-9886-8660079D6F00} = {42CFB4E1-51C8-47AF-BCBF-653BC83D6975}
	EndGlobalSection
EndGlobal
