
Microsoft Visual Studio Solution File, Format Version 12.00
Project("{2150E333-8FDC-42A3-9474-1A3956D46DE8}") = "Solution Items", "Solution Items", "{F25E7A6F-F689-498A-A689-C8BA79ADC58A}"
	ProjectSection(SolutionItems) = preProject
		LICENSE = LICENSE
		README.md = README.md
		UltimateUtils.sln.DotSettings = UltimateUtils.sln.DotSettings
		.gitignore = .gitignore
		.editorconfig = .editorconfig
	EndProjectSection
EndProject
Project("{FAE04EC0-301F-11D3-BF4B-00C04F79EFBC}") = "UltimateUtils", "UltimateUtils\UltimateUtils.csproj", "{DAAD4F27-AC6F-4A17-8308-91F778EF7C9C}"
EndProject
Project("{FAE04EC0-301F-11D3-BF4B-00C04F79EFBC}") = "UltimateUtils.EF", "UltimateUtils.EF\UltimateUtils.EF.csproj", "{68EB2010-9D51-4144-9389-464FAD37E6D8}"
EndProject
Project("{FAE04EC0-301F-11D3-BF4B-00C04F79EFBC}") = "HelloUltimateUtils", "HelloUltimateUtils\HelloUltimateUtils.csproj", "{C1247916-0AFF-42A5-8D07-753528DB4700}"
EndProject
Project("{FAE04EC0-301F-11D3-BF4B-00C04F79EFBC}") = "UltimateUtils.Abstraction", "UltimateUtils.Abstraction\UltimateUtils.Abstraction.csproj", "{C836410D-21FE-42CC-BF8F-EB9BB7BFEA28}"
EndProject
Global
	GlobalSection(SolutionConfigurationPlatforms) = preSolution
		Debug|Any CPU = Debug|Any CPU
		Release|Any CPU = Release|Any CPU
	EndGlobalSection
	GlobalSection(ProjectConfigurationPlatforms) = postSolution
		{DAAD4F27-AC6F-4A17-8308-91F778EF7C9C}.Debug|Any CPU.ActiveCfg = Debug|Any CPU
		{DAAD4F27-AC6F-4A17-8308-91F778EF7C9C}.Debug|Any CPU.Build.0 = Debug|Any CPU
		{DAAD4F27-AC6F-4A17-8308-91F778EF7C9C}.Release|Any CPU.ActiveCfg = Release|Any CPU
		{DAAD4F27-AC6F-4A17-8308-91F778EF7C9C}.Release|Any CPU.Build.0 = Release|Any CPU
		{68EB2010-9D51-4144-9389-464FAD37E6D8}.Debug|Any CPU.ActiveCfg = Debug|Any CPU
		{68EB2010-9D51-4144-9389-464FAD37E6D8}.Debug|Any CPU.Build.0 = Debug|Any CPU
		{68EB2010-9D51-4144-9389-464FAD37E6D8}.Release|Any CPU.ActiveCfg = Release|Any CPU
		{68EB2010-9D51-4144-9389-464FAD37E6D8}.Release|Any CPU.Build.0 = Release|Any CPU
		{C1247916-0AFF-42A5-8D07-753528DB4700}.Debug|Any CPU.ActiveCfg = Debug|Any CPU
		{C1247916-0AFF-42A5-8D07-753528DB4700}.Debug|Any CPU.Build.0 = Debug|Any CPU
		{C1247916-0AFF-42A5-8D07-753528DB4700}.Release|Any CPU.ActiveCfg = Release|Any CPU
		{C1247916-0AFF-42A5-8D07-753528DB4700}.Release|Any CPU.Build.0 = Release|Any CPU
		{C836410D-21FE-42CC-BF8F-EB9BB7BFEA28}.Debug|Any CPU.ActiveCfg = Debug|Any CPU
		{C836410D-21FE-42CC-BF8F-EB9BB7BFEA28}.Debug|Any CPU.Build.0 = Debug|Any CPU
		{C836410D-21FE-42CC-BF8F-EB9BB7BFEA28}.Release|Any CPU.ActiveCfg = Release|Any CPU
		{C836410D-21FE-42CC-BF8F-EB9BB7BFEA28}.Release|Any CPU.Build.0 = Release|Any CPU
	EndGlobalSection
EndGlobal
