<Solution>
  <Folder Name="/Solution Items/">
    <File Path=".editorconfig" />
    <File Path=".gitignore" />
    <File Path="LICENSE" />
    <File Path="README.md" />
    <File Path="UltimateUtils.sln.DotSettings" />
  </Folder>
  <Folder Name="/UltimateFlags/">
    <Project Path="UltimateFlags/UltimateFlags.Abstraction/UltimateFlags.Abstraction.csproj" />
    <Project Path="UltimateFlags/UltimateFlags.EF/UltimateFlags.EF.csproj" />
    <Project Path="UltimateFlags/UltimateFlags/UltimateFlags.csproj" />
  </Folder>
  <Folder Name="/UltimateFlags/Examples/">
    <Project Path="UltimateFlags/Examples/UltimateFlags.Api.v10/UltimateFlags.Api.v10.csproj" />
    <Project Path="UltimateFlags/Examples/UltimateFlags.Api.v8/UltimateFlags.Api.v8.csproj" />
    <Project Path="UltimateFlags/Examples/UltimateFlags.Api.v9/UltimateFlags.Api.v9.csproj" />
  </Folder>
  <Folder Name="/UltimateFlags/Tests/">
    <Project Path="UltimateFlags/Tests/UltimateFlags.EF.IntegrationTests/UltimateFlags.EF.IntegrationTests.csproj" />
    <Project Path="UltimateFlags/Tests/UltimateFlags.EF.UnitTests/UltimateFlags.EF.UnitTests.csproj" />
    <Project Path="UltimateFlags/Tests/UltimateFlags.IntegrationTests/UltimateFlags.IntegrationTests.csproj" />
    <Project Path="UltimateFlags/Tests/UltimateFlags.UnitTests/UltimateFlags.UnitTests.csproj" />
  </Folder>
  <Folder Name="/UltimatePagination/">
    <Project Path="UltimatePagination/UltimatePagination.Abstraction/UltimatePagination.Abstraction.csproj" />
    <Project Path="UltimatePagination/UltimatePagination.EF/UltimatePagination.EF.csproj" />
    <Project Path="UltimatePagination/UltimatePagination/UltimatePagination.csproj" />
  </Folder>
  <Folder Name="/UltimateUtils/">
    <Project Path="UltimateUtils/UltimateUtils.Abstraction/UltimateUtils.Abstraction.csproj" />
    <Project Path="UltimateUtils/UltimateUtils.EF/UltimateUtils.EF.csproj" />
    <Project Path="UltimateUtils/UltimateUtils/UltimateUtils.csproj" />
  </Folder>
</Solution>
